
Microsoft Visual Studio Solution File, Format Version 12.00
# Visual Studio Version 16
VisualStudioVersion = 16.0.29409.12
MinimumVisualStudioVersion = 10.0.40219.1
Project("{F184B08F-C81C-45F6-A57F-5ABD9991F28F}") = "ProjectDemo", "ProjectDemo.vbproj", "{668606F6-3AE8-4A43-89A5-2E45929F4383}"
EndProject
Global
	GlobalSection(SolutionConfigurationPlatforms) = preSolution
		Debug|Any CPU = Debug|Any CPU
		Release|Any CPU = Release|Any CPU
	EndGlobalSection
	GlobalSection(ProjectConfigurationPlatforms) = postSolution
		{668606F6-3AE8-4A43-89A5-2E45929F4383}.Debug|Any CPU.ActiveCfg = Debug|Any CPU
		{668606F6-3AE8-4A43-89A5-2E45929F4383}.Debug|Any CPU.Build.0 = Debug|Any CPU
		{668606F6-3AE8-4A43-89A5-2E45929F4383}.Release|Any CPU.ActiveCfg = Release|Any CPU
		{668606F6-3AE8-4A43-89A5-2E45929F4383}.Release|Any CPU.Build.0 = Release|Any CPU
	EndGlobalSection
	GlobalSection(SolutionProperties) = preSolution
		HideSolutionNode = FALSE
	EndGlobalSection
	GlobalSection(ExtensibilityGlobals) = postSolution
		SolutionGuid = {6AB1416A-2E02-48E7-BE0D-35B4AD76C6E7}
	EndGlobalSection
EndGlobal
